
Microsoft Visual Studio Solution File, Format Version 12.00
# Visual Studio Version 17
VisualStudioVersion = 17.9.34622.214
MinimumVisualStudioVersion = 10.0.40219.1
Project("{9A19103F-16F7-4668-BE54-9A1E7A4F7556}") = "RestaurantReservation", "RestaurantReservation.csproj", "{6C4311D7-C3AD-412D-8783-CA712F9C5713}"
EndProject
Project("{FAE04EC0-301F-11D3-BF4B-00C04F79EFBC}") = "RestaurantReservation.Front", "..\RestaurantReservation.Front\RestaurantReservation.Front\RestaurantReservation.Front.csproj", "{D80FA6E5-7D77-48F0-A6BA-266F79562BB1}"
EndProject
Global
	GlobalSection(SolutionConfigurationPlatforms) = preSolution
		Debug|Any CPU = Debug|Any CPU
		Release|Any CPU = Release|Any CPU
	EndGlobalSection
	GlobalSection(ProjectConfigurationPlatforms) = postSolution
		{6C4311D7-C3AD-412D-8783-CA712F9C5713}.Debug|Any CPU.ActiveCfg = Debug|Any CPU
		{6C4311D7-C3AD-412D-8783-CA712F9C5713}.Debug|Any CPU.Build.0 = Debug|Any CPU
		{6C4311D7-C3AD-412D-8783-CA712F9C5713}.Release|Any CPU.ActiveCfg = Release|Any CPU
		{6C4311D7-C3AD-412D-8783-CA712F9C5713}.Release|Any CPU.Build.0 = Release|Any CPU
		{D80FA6E5-7D77-48F0-A6BA-266F79562BB1}.Debug|Any CPU.ActiveCfg = Debug|Any CPU
		{D80FA6E5-7D77-48F0-A6BA-266F79562BB1}.Debug|Any CPU.Build.0 = Debug|Any CPU
		{D80FA6E5-7D77-48F0-A6BA-266F79562BB1}.Release|Any CPU.ActiveCfg = Release|Any CPU
		{D80FA6E5-7D77-48F0-A6BA-266F79562BB1}.Release|Any CPU.Build.0 = Release|Any CPU
	EndGlobalSection
	GlobalSection(SolutionProperties) = preSolution
		HideSolutionNode = FALSE
	EndGlobalSection
	GlobalSection(ExtensibilityGlobals) = postSolution
		SolutionGuid = {6F9D793E-F842-4BB8-AE29-537ACA43DB72}
	EndGlobalSection
EndGlobal
